
Microsoft Visual Studio Solution File, Format Version 12.00
# Visual Studio Version 17
VisualStudioVersion = 17.9.34701.34
MinimumVisualStudioVersion = 10.0.40219.1
Project("{FAE04EC0-301F-11D3-BF4B-00C04F79EFBC}") = "Icon.BiliBili.Default", "Icon.BiliBili.Default\Icon.BiliBili.Default.csproj", "{A275EC58-B6E9-4A5A-9052-502996611F20}"
EndProject
Global
	GlobalSection(SolutionConfigurationPlatforms) = preSolution
		Debug|Any CPU = Debug|Any CPU
		Release|Any CPU = Release|Any CPU
	EndGlobalSection
	GlobalSection(ProjectConfigurationPlatforms) = postSolution
		{A275EC58-B6E9-4A5A-9052-502996611F20}.Debug|Any CPU.ActiveCfg = Debug|Any CPU
		{A275EC58-B6E9-4A5A-9052-502996611F20}.Debug|Any CPU.Build.0 = Debug|Any CPU
		{A275EC58-B6E9-4A5A-9052-502996611F20}.Release|Any CPU.ActiveCfg = Release|Any CPU
		{A275EC58-B6E9-4A5A-9052-502996611F20}.Release|Any CPU.Build.0 = Release|Any CPU
	EndGlobalSection
	GlobalSection(SolutionProperties) = preSolution
		HideSolutionNode = FALSE
	EndGlobalSection
	GlobalSection(ExtensibilityGlobals) = postSolution
		SolutionGuid = {AF40CFFB-B55F-47CE-BDBC-D8A97006EBBC}
	EndGlobalSection
EndGlobal
