
Microsoft Visual Studio Solution File, Format Version 12.00
# Visual Studio Version 17
VisualStudioVersion = 17.9.34728.123
MinimumVisualStudioVersion = 10.0.40219.1
Project("{9A19103F-16F7-4668-BE54-9A1E7A4F7556}") = "QingYi.Core", "QingYi.Core.csproj", "{00B2AC4E-0CD7-4515-A973-3964EDD826D6}"
EndProject
Global
	GlobalSection(SolutionConfigurationPlatforms) = preSolution
		Debug|Any CPU = Debug|Any CPU
		Release|Any CPU = Release|Any CPU
	EndGlobalSection
	GlobalSection(ProjectConfigurationPlatforms) = postSolution
		{00B2AC4E-0CD7-4515-A973-3964EDD826D6}.Debug|Any CPU.ActiveCfg = Debug|Any CPU
		{00B2AC4E-0CD7-4515-A973-3964EDD826D6}.Debug|Any CPU.Build.0 = Debug|Any CPU
		{00B2AC4E-0CD7-4515-A973-3964EDD826D6}.Release|Any CPU.ActiveCfg = Release|Any CPU
		{00B2AC4E-0CD7-4515-A973-3964EDD826D6}.Release|Any CPU.Build.0 = Release|Any CPU
	EndGlobalSection
	GlobalSection(SolutionProperties) = preSolution
		HideSolutionNode = FALSE
	EndGlobalSection
	GlobalSection(ExtensibilityGlobals) = postSolution
		SolutionGuid = {7D88F510-B9CF-49DB-BEF1-912E80258CED}
	EndGlobalSection
EndGlobal
