
Microsoft Visual Studio Solution File, Format Version 12.00
# Visual Studio Version 17
VisualStudioVersion = 17.9.34723.18
MinimumVisualStudioVersion = 10.0.40219.1
Project("{FAE04EC0-301F-11D3-BF4B-00C04F79EFBC}") = "Audio.Crack.NetEase", "Audio.Crack.NetEase\Audio.Crack.NetEase.csproj", "{29838794-C8E8-4D1E-A5E9-19C4AA7783F4}"
EndProject
Project("{2150E333-8FDC-42A3-9474-1A3956D46DE8}") = "Solution Items", "Solution Items", "{E76D8C11-E28A-473D-AE33-126D8B697D2B}"
	ProjectSection(SolutionItems) = preProject
		.editorconfig = .editorconfig
	EndProjectSection
EndProject
Project("{FAE04EC0-301F-11D3-BF4B-00C04F79EFBC}") = "Audio.Crack.NetEase.Test", "Audio.Crack.NetEase.Test\Audio.Crack.NetEase.Test.csproj", "{A0F4364D-26AC-4F8A-BAD2-1E7D1F7908A7}"
EndProject
Project("{FAE04EC0-301F-11D3-BF4B-00C04F79EFBC}") = "Audio.Crack.NetEase.Auto", "Audio.Crack.NetEase.Auto\Audio.Crack.NetEase.Auto.csproj", "{BBAE0A1E-BF12-4B46-9E0D-BF4007791552}"
EndProject
Global
	GlobalSection(SolutionConfigurationPlatforms) = preSolution
		Debug|Any CPU = Debug|Any CPU
		Release|Any CPU = Release|Any CPU
	EndGlobalSection
	GlobalSection(ProjectConfigurationPlatforms) = postSolution
		{29838794-C8E8-4D1E-A5E9-19C4AA7783F4}.Debug|Any CPU.ActiveCfg = Debug|Any CPU
		{29838794-C8E8-4D1E-A5E9-19C4AA7783F4}.Debug|Any CPU.Build.0 = Debug|Any CPU
		{29838794-C8E8-4D1E-A5E9-19C4AA7783F4}.Release|Any CPU.ActiveCfg = Release|Any CPU
		{29838794-C8E8-4D1E-A5E9-19C4AA7783F4}.Release|Any CPU.Build.0 = Release|Any CPU
		{A0F4364D-26AC-4F8A-BAD2-1E7D1F7908A7}.Debug|Any CPU.ActiveCfg = Debug|Any CPU
		{A0F4364D-26AC-4F8A-BAD2-1E7D1F7908A7}.Debug|Any CPU.Build.0 = Debug|Any CPU
		{A0F4364D-26AC-4F8A-BAD2-1E7D1F7908A7}.Release|Any CPU.ActiveCfg = Release|Any CPU
		{A0F4364D-26AC-4F8A-BAD2-1E7D1F7908A7}.Release|Any CPU.Build.0 = Release|Any CPU
		{BBAE0A1E-BF12-4B46-9E0D-BF4007791552}.Debug|Any CPU.ActiveCfg = Debug|Any CPU
		{BBAE0A1E-BF12-4B46-9E0D-BF4007791552}.Debug|Any CPU.Build.0 = Debug|Any CPU
		{BBAE0A1E-BF12-4B46-9E0D-BF4007791552}.Release|Any CPU.ActiveCfg = Release|Any CPU
		{BBAE0A1E-BF12-4B46-9E0D-BF4007791552}.Release|Any CPU.Build.0 = Release|Any CPU
	EndGlobalSection
	GlobalSection(SolutionProperties) = preSolution
		HideSolutionNode = FALSE
	EndGlobalSection
	GlobalSection(ExtensibilityGlobals) = postSolution
		SolutionGuid = {E70E7516-0D13-4D89-892C-5393B0C28BC4}
	EndGlobalSection
EndGlobal
