
Microsoft Visual Studio Solution File, Format Version 12.00
# Visual Studio Version 17
VisualStudioVersion = 17.9.34701.34
MinimumVisualStudioVersion = 10.0.40219.1
Project("{9A19103F-16F7-4668-BE54-9A1E7A4F7556}") = "Server.GetLocalHost", "Server.GetLocalHost\Server.GetLocalHost.csproj", "{A349360E-A7A8-4076-A2CF-F452FE164F28}"
EndProject
Project("{2150E333-8FDC-42A3-9474-1A3956D46DE8}") = "Solution Items", "Solution Items", "{E8DCBB75-083F-4446-A3EF-EE232B292C8E}"
	ProjectSection(SolutionItems) = preProject
		.editorconfig = .editorconfig
	EndProjectSection
EndProject
Project("{9A19103F-16F7-4668-BE54-9A1E7A4F7556}") = "Server.LocalServer", "Server.LocalServer\Server.LocalServer.csproj", "{79EF43D9-C462-484F-88F4-862499C56735}"
EndProject
Project("{FAE04EC0-301F-11D3-BF4B-00C04F79EFBC}") = "Tools.ShareProxy", "Tools.ShareProxy\Tools.ShareProxy.csproj", "{3D515285-D521-47DF-AAA4-74791FE67447}"
EndProject
Project("{F184B08F-C81C-45F6-A57F-5ABD9991F28F}") = "Server.Hotspot", "Server.Hotspot\Server.Hotspot.vbproj", "{8B409895-67E6-465D-B55F-DC0D24768494}"
EndProject
Global
	GlobalSection(SolutionConfigurationPlatforms) = preSolution
		Debug|Any CPU = Debug|Any CPU
		Release|Any CPU = Release|Any CPU
	EndGlobalSection
	GlobalSection(ProjectConfigurationPlatforms) = postSolution
		{A349360E-A7A8-4076-A2CF-F452FE164F28}.Debug|Any CPU.ActiveCfg = Debug|Any CPU
		{A349360E-A7A8-4076-A2CF-F452FE164F28}.Debug|Any CPU.Build.0 = Debug|Any CPU
		{A349360E-A7A8-4076-A2CF-F452FE164F28}.Release|Any CPU.ActiveCfg = Release|Any CPU
		{A349360E-A7A8-4076-A2CF-F452FE164F28}.Release|Any CPU.Build.0 = Release|Any CPU
		{79EF43D9-C462-484F-88F4-862499C56735}.Debug|Any CPU.ActiveCfg = Debug|Any CPU
		{79EF43D9-C462-484F-88F4-862499C56735}.Debug|Any CPU.Build.0 = Debug|Any CPU
		{79EF43D9-C462-484F-88F4-862499C56735}.Release|Any CPU.ActiveCfg = Release|Any CPU
		{79EF43D9-C462-484F-88F4-862499C56735}.Release|Any CPU.Build.0 = Release|Any CPU
		{3D515285-D521-47DF-AAA4-74791FE67447}.Debug|Any CPU.ActiveCfg = Debug|Any CPU
		{3D515285-D521-47DF-AAA4-74791FE67447}.Debug|Any CPU.Build.0 = Debug|Any CPU
		{3D515285-D521-47DF-AAA4-74791FE67447}.Release|Any CPU.ActiveCfg = Release|Any CPU
		{3D515285-D521-47DF-AAA4-74791FE67447}.Release|Any CPU.Build.0 = Release|Any CPU
		{8B409895-67E6-465D-B55F-DC0D24768494}.Debug|Any CPU.ActiveCfg = Debug|Any CPU
		{8B409895-67E6-465D-B55F-DC0D24768494}.Debug|Any CPU.Build.0 = Debug|Any CPU
		{8B409895-67E6-465D-B55F-DC0D24768494}.Release|Any CPU.ActiveCfg = Release|Any CPU
		{8B409895-67E6-465D-B55F-DC0D24768494}.Release|Any CPU.Build.0 = Release|Any CPU
	EndGlobalSection
	GlobalSection(SolutionProperties) = preSolution
		HideSolutionNode = FALSE
	EndGlobalSection
	GlobalSection(ExtensibilityGlobals) = postSolution
		SolutionGuid = {834AD604-C5EB-416B-BE47-531F0773735C}
	EndGlobalSection
EndGlobal
