
Microsoft Visual Studio Solution File, Format Version 12.00
# Visual Studio Version 17
VisualStudioVersion = 17.9.34728.123
MinimumVisualStudioVersion = 10.0.40219.1
Project("{FAE04EC0-301F-11D3-BF4B-00C04F79EFBC}") = "QingYi.Encrypt", "QingYi.Encrypt.csproj", "{7BAE106B-00B3-4040-B3B3-A280B9B5F63C}"
EndProject
Global
	GlobalSection(SolutionConfigurationPlatforms) = preSolution
		Debug|Any CPU = Debug|Any CPU
		Release|Any CPU = Release|Any CPU
	EndGlobalSection
	GlobalSection(ProjectConfigurationPlatforms) = postSolution
		{7BAE106B-00B3-4040-B3B3-A280B9B5F63C}.Debug|Any CPU.ActiveCfg = Debug|Any CPU
		{7BAE106B-00B3-4040-B3B3-A280B9B5F63C}.Debug|Any CPU.Build.0 = Debug|Any CPU
		{7BAE106B-00B3-4040-B3B3-A280B9B5F63C}.Release|Any CPU.ActiveCfg = Release|Any CPU
		{7BAE106B-00B3-4040-B3B3-A280B9B5F63C}.Release|Any CPU.Build.0 = Release|Any CPU
	EndGlobalSection
	GlobalSection(SolutionProperties) = preSolution
		HideSolutionNode = FALSE
	EndGlobalSection
	GlobalSection(ExtensibilityGlobals) = postSolution
		SolutionGuid = {4432E201-0892-40C4-ADDA-093C6717442B}
	EndGlobalSection
EndGlobal
