Microsoft Visual Studio Solution File, Format Version 12.00
# Visual Studio Version 17
VisualStudioVersion = 17.9.34728.123
MinimumVisualStudioVersion = 10.0.40219.1
Project("{9A19103F-16F7-4668-BE54-9A1E7A4F7556}") = "QingYi.AXML", "AXML\QingYi.AXML.csproj", "{933B4304-4066-4659-8A15-181F04596EF2}"
EndProject
Project("{2150E333-8FDC-42A3-9474-1A3956D46DE8}") = "Content", "Content", "{BC481FBA-DFE6-48CC-86E5-F9FD1513BF26}"
EndProject
Project("{9A19103F-16F7-4668-BE54-9A1E7A4F7556}") = "QingYi.AXML.AXMLResourceParser", "AXmlResourceParser\QingYi.AXML.AXMLResourceParser.csproj", "{5E724073-9DEF-407B-B5D9-9D274F1198CD}"
EndProject
Project("{9A19103F-16F7-4668-BE54-9A1E7A4F7556}") = "QingYi.AXML.IntReader", "IntReader\QingYi.AXML.IntReader.csproj", "{0FF869E1-AB4D-4B22-8847-4C5975106492}"
EndProject
Project("{778DAE3C-4631-46EA-AA77-85C1314464D9}") = "QingYi.AXML.StringBlock", "StringBlock\QingYi.AXML.StringBlock.vbproj", "{D3F0BA2B-3358-43C7-AF12-331ADBDDA92B}"
EndProject
Project("{6EC3EE1D-3C4E-46DD-8F32-0CC8E7565705}") = "QingYi.AXML.ChunkUtil", "ChunkUtil\QingYi.AXML.ChunkUtil.fsproj", "{21699D9F-23F2-4285-AEFC-832EEE8EC1FF}"
EndProject
Project("{FAE04EC0-301F-11D3-BF4B-00C04F79EFBC}") = "QingYi.AXML.XmlResourceParser", "XmlResourceParser\QingYi.AXML.XmlResourceParser.csproj", "{2D422CD2-60B5-4325-8E35-798F5C34BE1E}"
EndProject
Project("{2150E333-8FDC-42A3-9474-1A3956D46DE8}") = "Util", "Util", "{59198DF6-7B57-45AA-9479-49BB2BA582B0}"
EndProject
Project("{F2A71F9B-5D33-465A-A702-920D77279786}") = "QingYi.AXML.TypedValue", "TypedValue\QingYi.AXML.TypedValue.fsproj", "{066FC92A-6188-4B60-BC06-A3FFF1B5B29B}"
EndProject
Global
	GlobalSection(SolutionConfigurationPlatforms) = preSolution
		Debug|Any CPU = Debug|Any CPU
		Release|Any CPU = Release|Any CPU
	EndGlobalSection
	GlobalSection(ProjectConfigurationPlatforms) = postSolution
		{933B4304-4066-4659-8A15-181F04596EF2}.Debug|Any CPU.ActiveCfg = Debug|Any CPU
		{933B4304-4066-4659-8A15-181F04596EF2}.Debug|Any CPU.Build.0 = Debug|Any CPU
		{933B4304-4066-4659-8A15-181F04596EF2}.Release|Any CPU.ActiveCfg = Release|Any CPU
		{933B4304-4066-4659-8A15-181F04596EF2}.Release|Any CPU.Build.0 = Release|Any CPU
		{5E724073-9DEF-407B-B5D9-9D274F1198CD}.Debug|Any CPU.ActiveCfg = Debug|Any CPU
		{5E724073-9DEF-407B-B5D9-9D274F1198CD}.Debug|Any CPU.Build.0 = Debug|Any CPU
		{5E724073-9DEF-407B-B5D9-9D274F1198CD}.Release|Any CPU.ActiveCfg = Release|Any CPU
		{5E724073-9DEF-407B-B5D9-9D274F1198CD}.Release|Any CPU.Build.0 = Release|Any CPU
		{0FF869E1-AB4D-4B22-8847-4C5975106492}.Debug|Any CPU.ActiveCfg = Debug|Any CPU
		{0FF869E1-AB4D-4B22-8847-4C5975106492}.Debug|Any CPU.Build.0 = Debug|Any CPU
		{0FF869E1-AB4D-4B22-8847-4C5975106492}.Release|Any CPU.ActiveCfg = Release|Any CPU
		{0FF869E1-AB4D-4B22-8847-4C5975106492}.Release|Any CPU.Build.0 = Release|Any CPU
		{D3F0BA2B-3358-43C7-AF12-331ADBDDA92B}.Debug|Any CPU.ActiveCfg = Debug|Any CPU
		{D3F0BA2B-3358-43C7-AF12-331ADBDDA92B}.Debug|Any CPU.Build.0 = Debug|Any CPU
		{D3F0BA2B-3358-43C7-AF12-331ADBDDA92B}.Release|Any CPU.ActiveCfg = Release|Any CPU
		{D3F0BA2B-3358-43C7-AF12-331ADBDDA92B}.Release|Any CPU.Build.0 = Release|Any CPU
		{21699D9F-23F2-4285-AEFC-832EEE8EC1FF}.Debug|Any CPU.ActiveCfg = Debug|Any CPU
		{21699D9F-23F2-4285-AEFC-832EEE8EC1FF}.Debug|Any CPU.Build.0 = Debug|Any CPU
		{21699D9F-23F2-4285-AEFC-832EEE8EC1FF}.Release|Any CPU.ActiveCfg = Release|Any CPU
		{21699D9F-23F2-4285-AEFC-832EEE8EC1FF}.Release|Any CPU.Build.0 = Release|Any CPU
		{2D422CD2-60B5-4325-8E35-798F5C34BE1E}.Debug|Any CPU.ActiveCfg = Debug|Any CPU
		{2D422CD2-60B5-4325-8E35-798F5C34BE1E}.Debug|Any CPU.Build.0 = Debug|Any CPU
		{2D422CD2-60B5-4325-8E35-798F5C34BE1E}.Release|Any CPU.ActiveCfg = Release|Any CPU
		{2D422CD2-60B5-4325-8E35-798F5C34BE1E}.Release|Any CPU.Build.0 = Release|Any CPU
		{066FC92A-6188-4B60-BC06-A3FFF1B5B29B}.Debug|Any CPU.ActiveCfg = Debug|Any CPU
		{066FC92A-6188-4B60-BC06-A3FFF1B5B29B}.Debug|Any CPU.Build.0 = Debug|Any CPU
		{066FC92A-6188-4B60-BC06-A3FFF1B5B29B}.Release|Any CPU.ActiveCfg = Release|Any CPU
		{066FC92A-6188-4B60-BC06-A3FFF1B5B29B}.Release|Any CPU.Build.0 = Release|Any CPU
	EndGlobalSection
	GlobalSection(SolutionProperties) = preSolution
		HideSolutionNode = FALSE
	EndGlobalSection
	GlobalSection(NestedProjects) = preSolution
		{5E724073-9DEF-407B-B5D9-9D274F1198CD} = {BC481FBA-DFE6-48CC-86E5-F9FD1513BF26}
		{0FF869E1-AB4D-4B22-8847-4C5975106492} = {BC481FBA-DFE6-48CC-86E5-F9FD1513BF26}
		{D3F0BA2B-3358-43C7-AF12-331ADBDDA92B} = {BC481FBA-DFE6-48CC-86E5-F9FD1513BF26}
		{21699D9F-23F2-4285-AEFC-832EEE8EC1FF} = {BC481FBA-DFE6-48CC-86E5-F9FD1513BF26}
		{2D422CD2-60B5-4325-8E35-798F5C34BE1E} = {BC481FBA-DFE6-48CC-86E5-F9FD1513BF26}
		{066FC92A-6188-4B60-BC06-A3FFF1B5B29B} = {59198DF6-7B57-45AA-9479-49BB2BA582B0}
	EndGlobalSection
	GlobalSection(ExtensibilityGlobals) = postSolution
		SolutionGuid = {95A198AD-C659-4B25-B061-84543C016633}
	EndGlobalSection
EndGlobal
