
Microsoft Visual Studio Solution File, Format Version 12.00
# Visual Studio Version 17
VisualStudioVersion = 17.9.34728.123
MinimumVisualStudioVersion = 10.0.40219.1
Project("{FAE04EC0-301F-11D3-BF4B-00C04F79EFBC}") = "AXML", "AXML\AXML.csproj", "{933B4304-4066-4659-8A15-181F04596EF2}"
EndProject
Global
	GlobalSection(SolutionConfigurationPlatforms) = preSolution
		Debug|Any CPU = Debug|Any CPU
		Release|Any CPU = Release|Any CPU
	EndGlobalSection
	GlobalSection(ProjectConfigurationPlatforms) = postSolution
		{933B4304-4066-4659-8A15-181F04596EF2}.Debug|Any CPU.ActiveCfg = Debug|Any CPU
		{933B4304-4066-4659-8A15-181F04596EF2}.Debug|Any CPU.Build.0 = Debug|Any CPU
		{933B4304-4066-4659-8A15-181F04596EF2}.Release|Any CPU.ActiveCfg = Release|Any CPU
		{933B4304-4066-4659-8A15-181F04596EF2}.Release|Any CPU.Build.0 = Release|Any CPU
	EndGlobalSection
	GlobalSection(SolutionProperties) = preSolution
		HideSolutionNode = FALSE
	EndGlobalSection
	GlobalSection(ExtensibilityGlobals) = postSolution
		SolutionGuid = {95A198AD-C659-4B25-B061-84543C016633}
	EndGlobalSection
EndGlobal
