
Microsoft Visual Studio Solution File, Format Version 12.00
# Visual Studio Version 17
VisualStudioVersion = 17.9.34728.123
MinimumVisualStudioVersion = 10.0.40219.1
Project("{9A19103F-16F7-4668-BE54-9A1E7A4F7556}") = "QingYi.AXML", "AXML\QingYi.AXML.csproj", "{933B4304-4066-4659-8A15-181F04596EF2}"
EndProject
Project("{2150E333-8FDC-42A3-9474-1A3956D46DE8}") = "Solution Items", "Solution Items", "{783ABBBB-4A17-44A0-B3F2-97CC53B5D570}"
	ProjectSection(SolutionItems) = preProject
		.editorconfig = .editorconfig
	EndProjectSection
EndProject
Project("{9A19103F-16F7-4668-BE54-9A1E7A4F7556}") = "QingYi.AXML.Android", "Android\QingYi.AXML.Android.csproj", "{9AD6E18F-1E4E-4803-9EB8-26B42CEADB25}"
EndProject
Project("{FAE04EC0-301F-11D3-BF4B-00C04F79EFBC}") = "QingYi.AXML.Exception.V1", "Exception.V1\QingYi.AXML.Exception.V1.csproj", "{321BFA5D-4B0D-431E-B0B7-3F3BBA159FD2}"
EndProject
Global
	GlobalSection(SolutionConfigurationPlatforms) = preSolution
		Debug|Any CPU = Debug|Any CPU
		Release|Any CPU = Release|Any CPU
	EndGlobalSection
	GlobalSection(ProjectConfigurationPlatforms) = postSolution
		{933B4304-4066-4659-8A15-181F04596EF2}.Debug|Any CPU.ActiveCfg = Debug|Any CPU
		{933B4304-4066-4659-8A15-181F04596EF2}.Debug|Any CPU.Build.0 = Debug|Any CPU
		{933B4304-4066-4659-8A15-181F04596EF2}.Release|Any CPU.ActiveCfg = Release|Any CPU
		{933B4304-4066-4659-8A15-181F04596EF2}.Release|Any CPU.Build.0 = Release|Any CPU
		{9AD6E18F-1E4E-4803-9EB8-26B42CEADB25}.Debug|Any CPU.ActiveCfg = Debug|Any CPU
		{9AD6E18F-1E4E-4803-9EB8-26B42CEADB25}.Debug|Any CPU.Build.0 = Debug|Any CPU
		{9AD6E18F-1E4E-4803-9EB8-26B42CEADB25}.Release|Any CPU.ActiveCfg = Release|Any CPU
		{9AD6E18F-1E4E-4803-9EB8-26B42CEADB25}.Release|Any CPU.Build.0 = Release|Any CPU
		{321BFA5D-4B0D-431E-B0B7-3F3BBA159FD2}.Debug|Any CPU.ActiveCfg = Debug|Any CPU
		{321BFA5D-4B0D-431E-B0B7-3F3BBA159FD2}.Debug|Any CPU.Build.0 = Debug|Any CPU
		{321BFA5D-4B0D-431E-B0B7-3F3BBA159FD2}.Release|Any CPU.ActiveCfg = Release|Any CPU
		{321BFA5D-4B0D-431E-B0B7-3F3BBA159FD2}.Release|Any CPU.Build.0 = Release|Any CPU
	EndGlobalSection
	GlobalSection(SolutionProperties) = preSolution
		HideSolutionNode = FALSE
	EndGlobalSection
	GlobalSection(ExtensibilityGlobals) = postSolution
		SolutionGuid = {95A198AD-C659-4B25-B061-84543C016633}
	EndGlobalSection
EndGlobal
