
Microsoft Visual Studio Solution File, Format Version 12.00
# Visual Studio Version 17
VisualStudioVersion = 17.9.34622.214
MinimumVisualStudioVersion = 10.0.40219.1
Project("{FAE04EC0-301F-11D3-BF4B-00C04F79EFBC}") = "Tools.Shell", "Tools.Shell\Tools.Shell.csproj", "{362EA76D-EC5C-41CA-AA0D-5EA79364EE55}"
EndProject
Global
	GlobalSection(SolutionConfigurationPlatforms) = preSolution
		Debug|Any CPU = Debug|Any CPU
		Publish|Any CPU = Publish|Any CPU
		Release|Any CPU = Release|Any CPU
	EndGlobalSection
	GlobalSection(ProjectConfigurationPlatforms) = postSolution
		{362EA76D-EC5C-41CA-AA0D-5EA79364EE55}.Debug|Any CPU.ActiveCfg = Debug|Any CPU
		{362EA76D-EC5C-41CA-AA0D-5EA79364EE55}.Debug|Any CPU.Build.0 = Debug|Any CPU
		{362EA76D-EC5C-41CA-AA0D-5EA79364EE55}.Publish|Any CPU.ActiveCfg = Publish|Any CPU
		{362EA76D-EC5C-41CA-AA0D-5EA79364EE55}.Publish|Any CPU.Build.0 = Publish|Any CPU
		{362EA76D-EC5C-41CA-AA0D-5EA79364EE55}.Release|Any CPU.ActiveCfg = Release|Any CPU
		{362EA76D-EC5C-41CA-AA0D-5EA79364EE55}.Release|Any CPU.Build.0 = Release|Any CPU
	EndGlobalSection
	GlobalSection(SolutionProperties) = preSolution
		HideSolutionNode = FALSE
	EndGlobalSection
	GlobalSection(ExtensibilityGlobals) = postSolution
		SolutionGuid = {54D43684-B238-41E5-8EE4-A16E619B17C9}
	EndGlobalSection
EndGlobal
