Microsoft Visual Studio Solution File, Format Version 12.00
# Visual Studio Version 17
VisualStudioVersion = 17.9.34622.214
MinimumVisualStudioVersion = 10.0.40219.1
Project("{9A19103F-16F7-4668-BE54-9A1E7A4F7556}") = "Tools.Shell", "Tools.Shell\Tools.Shell.csproj", "{362EA76D-EC5C-41CA-AA0D-5EA79364EE55}"
EndProject
Project("{9A19103F-16F7-4668-BE54-9A1E7A4F7556}") = "Tools.LocalServer", "Tools.LocalServer\Tools.LocalServer.csproj", "{956F45A1-2691-4BA0-A140-5361A5301E9A}"
EndProject
Project("{9A19103F-16F7-4668-BE54-9A1E7A4F7556}") = "Tools.LogRecord", "Tools.LogRecord\Tools.LogRecord.csproj", "{EC8AC6C3-CD5E-4D75-B2C7-8C20A79813C4}"
EndProject
Project("{9A19103F-16F7-4668-BE54-9A1E7A4F7556}") = "Tools.Shell.DataFlow", "Tools.Shell.DataFlow\Tools.Shell.DataFlow.csproj", "{39AC7797-48DD-40E3-99A8-B313209D87D9}"
EndProject
Project("{9A19103F-16F7-4668-BE54-9A1E7A4F7556}") = "Tools.Delete", "Tools.Delete\Tools.Delete.csproj", "{CF931FD8-ED36-493B-B4B8-1450A8325DDB}"
EndProject
Project("{9A19103F-16F7-4668-BE54-9A1E7A4F7556}") = "Tools.Delete.Async", "Tools.Delete.Async\Tools.Delete.Async.csproj", "{DCC7030D-861B-48B0-BDCE-1DD61BEA945C}"
EndProject
Project("{9A19103F-16F7-4668-BE54-9A1E7A4F7556}") = "Tools.HTTP", "Tools.HTTP\Tools.HTTP.csproj", "{0CD28FCE-405E-4B87-9CA8-3F6B49C2759E}"
EndProject
Project("{9A19103F-16F7-4668-BE54-9A1E7A4F7556}") = "Tools.Encrypt", "Tools.Encrypt\Tools.Encrypt.csproj", "{F482F20C-C705-4833-83D1-E6834674C82B}"
EndProject
Project("{9A19103F-16F7-4668-BE54-9A1E7A4F7556}") = "Tools.Decrypt", "Tools.Decrypt\Tools.Decrypt.csproj", "{E106E265-137F-425C-AC17-0BF5B353DE57}"
EndProject
Project("{9A19103F-16F7-4668-BE54-9A1E7A4F7556}") = "Tools.Shell.Async", "Tools.Shell.Async\Tools.Shell.Async.csproj", "{53426DFF-0D04-4C12-8B81-63B794C4143C}"
EndProject
Project("{FAE04EC0-301F-11D3-BF4B-00C04F79EFBC}") = "Tools.ExternalAppOpen", "Tools.ExternalAppOpen\Tools.ExternalAppOpen.csproj", "{4061CAE2-439C-4259-B044-B1E1D4FD4CCF}"
EndProject
Global
	GlobalSection(SolutionConfigurationPlatforms) = preSolution
		Debug|Any CPU = Debug|Any CPU
		Release|Any CPU = Release|Any CPU
	EndGlobalSection
	GlobalSection(ProjectConfigurationPlatforms) = postSolution
		{362EA76D-EC5C-41CA-AA0D-5EA79364EE55}.Debug|Any CPU.ActiveCfg = Debug|Any CPU
		{362EA76D-EC5C-41CA-AA0D-5EA79364EE55}.Debug|Any CPU.Build.0 = Debug|Any CPU
		{362EA76D-EC5C-41CA-AA0D-5EA79364EE55}.Release|Any CPU.ActiveCfg = Release|Any CPU
		{362EA76D-EC5C-41CA-AA0D-5EA79364EE55}.Release|Any CPU.Build.0 = Release|Any CPU
		{956F45A1-2691-4BA0-A140-5361A5301E9A}.Debug|Any CPU.ActiveCfg = Debug|Any CPU
		{956F45A1-2691-4BA0-A140-5361A5301E9A}.Debug|Any CPU.Build.0 = Debug|Any CPU
		{956F45A1-2691-4BA0-A140-5361A5301E9A}.Release|Any CPU.ActiveCfg = Release|Any CPU
		{956F45A1-2691-4BA0-A140-5361A5301E9A}.Release|Any CPU.Build.0 = Release|Any CPU
		{EC8AC6C3-CD5E-4D75-B2C7-8C20A79813C4}.Debug|Any CPU.ActiveCfg = Debug|Any CPU
		{EC8AC6C3-CD5E-4D75-B2C7-8C20A79813C4}.Debug|Any CPU.Build.0 = Debug|Any CPU
		{EC8AC6C3-CD5E-4D75-B2C7-8C20A79813C4}.Release|Any CPU.ActiveCfg = Release|Any CPU
		{EC8AC6C3-CD5E-4D75-B2C7-8C20A79813C4}.Release|Any CPU.Build.0 = Release|Any CPU
		{39AC7797-48DD-40E3-99A8-B313209D87D9}.Debug|Any CPU.ActiveCfg = Debug|Any CPU
		{39AC7797-48DD-40E3-99A8-B313209D87D9}.Debug|Any CPU.Build.0 = Debug|Any CPU
		{39AC7797-48DD-40E3-99A8-B313209D87D9}.Release|Any CPU.ActiveCfg = Release|Any CPU
		{39AC7797-48DD-40E3-99A8-B313209D87D9}.Release|Any CPU.Build.0 = Release|Any CPU
		{CF931FD8-ED36-493B-B4B8-1450A8325DDB}.Debug|Any CPU.ActiveCfg = Debug|Any CPU
		{CF931FD8-ED36-493B-B4B8-1450A8325DDB}.Debug|Any CPU.Build.0 = Debug|Any CPU
		{CF931FD8-ED36-493B-B4B8-1450A8325DDB}.Release|Any CPU.ActiveCfg = Release|Any CPU
		{CF931FD8-ED36-493B-B4B8-1450A8325DDB}.Release|Any CPU.Build.0 = Release|Any CPU
		{DCC7030D-861B-48B0-BDCE-1DD61BEA945C}.Debug|Any CPU.ActiveCfg = Debug|Any CPU
		{DCC7030D-861B-48B0-BDCE-1DD61BEA945C}.Debug|Any CPU.Build.0 = Debug|Any CPU
		{DCC7030D-861B-48B0-BDCE-1DD61BEA945C}.Release|Any CPU.ActiveCfg = Release|Any CPU
		{DCC7030D-861B-48B0-BDCE-1DD61BEA945C}.Release|Any CPU.Build.0 = Release|Any CPU
		{0CD28FCE-405E-4B87-9CA8-3F6B49C2759E}.Debug|Any CPU.ActiveCfg = Debug|Any CPU
		{0CD28FCE-405E-4B87-9CA8-3F6B49C2759E}.Debug|Any CPU.Build.0 = Debug|Any CPU
		{0CD28FCE-405E-4B87-9CA8-3F6B49C2759E}.Release|Any CPU.ActiveCfg = Release|Any CPU
		{0CD28FCE-405E-4B87-9CA8-3F6B49C2759E}.Release|Any CPU.Build.0 = Release|Any CPU
		{F482F20C-C705-4833-83D1-E6834674C82B}.Debug|Any CPU.ActiveCfg = Debug|Any CPU
		{F482F20C-C705-4833-83D1-E6834674C82B}.Debug|Any CPU.Build.0 = Debug|Any CPU
		{F482F20C-C705-4833-83D1-E6834674C82B}.Release|Any CPU.ActiveCfg = Release|Any CPU
		{F482F20C-C705-4833-83D1-E6834674C82B}.Release|Any CPU.Build.0 = Release|Any CPU
		{E106E265-137F-425C-AC17-0BF5B353DE57}.Debug|Any CPU.ActiveCfg = Debug|Any CPU
		{E106E265-137F-425C-AC17-0BF5B353DE57}.Debug|Any CPU.Build.0 = Debug|Any CPU
		{E106E265-137F-425C-AC17-0BF5B353DE57}.Release|Any CPU.ActiveCfg = Release|Any CPU
		{E106E265-137F-425C-AC17-0BF5B353DE57}.Release|Any CPU.Build.0 = Release|Any CPU
		{53426DFF-0D04-4C12-8B81-63B794C4143C}.Debug|Any CPU.ActiveCfg = Debug|Any CPU
		{53426DFF-0D04-4C12-8B81-63B794C4143C}.Debug|Any CPU.Build.0 = Debug|Any CPU
		{53426DFF-0D04-4C12-8B81-63B794C4143C}.Release|Any CPU.ActiveCfg = Release|Any CPU
		{53426DFF-0D04-4C12-8B81-63B794C4143C}.Release|Any CPU.Build.0 = Release|Any CPU
		{4061CAE2-439C-4259-B044-B1E1D4FD4CCF}.Debug|Any CPU.ActiveCfg = Debug|Any CPU
		{4061CAE2-439C-4259-B044-B1E1D4FD4CCF}.Debug|Any CPU.Build.0 = Debug|Any CPU
		{4061CAE2-439C-4259-B044-B1E1D4FD4CCF}.Release|Any CPU.ActiveCfg = Release|Any CPU
		{4061CAE2-439C-4259-B044-B1E1D4FD4CCF}.Release|Any CPU.Build.0 = Release|Any CPU
	EndGlobalSection
	GlobalSection(SolutionProperties) = preSolution
		HideSolutionNode = FALSE
	EndGlobalSection
	GlobalSection(ExtensibilityGlobals) = postSolution
		SolutionGuid = {54D43684-B238-41E5-8EE4-A16E619B17C9}
	EndGlobalSection
EndGlobal
