Microsoft Visual Studio Solution File, Format Version 12.00
# Visual Studio Version 17
VisualStudioVersion = 17.9.34622.214
MinimumVisualStudioVersion = 10.0.40219.1
Project("{9A19103F-16F7-4668-BE54-9A1E7A4F7556}") = "Tools.Shell", "Tools.Shell\Tools.Shell.csproj", "{362EA76D-EC5C-41CA-AA0D-5EA79364EE55}"
EndProject
Project("{9A19103F-16F7-4668-BE54-9A1E7A4F7556}") = "Tools.LocalServer", "Tools.LocalServer\Tools.LocalServer.csproj", "{956F45A1-2691-4BA0-A140-5361A5301E9A}"
EndProject
Project("{9A19103F-16F7-4668-BE54-9A1E7A4F7556}") = "Tools.LogRecord", "Tools.LogRecord\Tools.LogRecord.csproj", "{EC8AC6C3-CD5E-4D75-B2C7-8C20A79813C4}"
EndProject
Project("{9A19103F-16F7-4668-BE54-9A1E7A4F7556}") = "Tools.Shell.DataFlow", "Tools.Shell.DataFlow\Tools.Shell.DataFlow.csproj", "{39AC7797-48DD-40E3-99A8-B313209D87D9}"
EndProject
Project("{F184B08F-C81C-45F6-A57F-5ABD9991F28F}") = "Tools.Delete", "Tools.Delete\Tools.Delete.vbproj", "{FCFE0ADC-2974-4561-AAF5-05D7A99A8435}"
EndProject
Global
	GlobalSection(SolutionConfigurationPlatforms) = preSolution
		Debug|Any CPU = Debug|Any CPU
		Publish|Any CPU = Publish|Any CPU
		Release|Any CPU = Release|Any CPU
	EndGlobalSection
	GlobalSection(ProjectConfigurationPlatforms) = postSolution
		{362EA76D-EC5C-41CA-AA0D-5EA79364EE55}.Debug|Any CPU.ActiveCfg = Debug|Any CPU
		{362EA76D-EC5C-41CA-AA0D-5EA79364EE55}.Debug|Any CPU.Build.0 = Debug|Any CPU
		{362EA76D-EC5C-41CA-AA0D-5EA79364EE55}.Publish|Any CPU.ActiveCfg = Publish|Any CPU
		{362EA76D-EC5C-41CA-AA0D-5EA79364EE55}.Publish|Any CPU.Build.0 = Publish|Any CPU
		{362EA76D-EC5C-41CA-AA0D-5EA79364EE55}.Release|Any CPU.ActiveCfg = Release|Any CPU
		{362EA76D-EC5C-41CA-AA0D-5EA79364EE55}.Release|Any CPU.Build.0 = Release|Any CPU
		{956F45A1-2691-4BA0-A140-5361A5301E9A}.Debug|Any CPU.ActiveCfg = Debug|Any CPU
		{956F45A1-2691-4BA0-A140-5361A5301E9A}.Debug|Any CPU.Build.0 = Debug|Any CPU
		{956F45A1-2691-4BA0-A140-5361A5301E9A}.Publish|Any CPU.ActiveCfg = Debug|Any CPU
		{956F45A1-2691-4BA0-A140-5361A5301E9A}.Publish|Any CPU.Build.0 = Debug|Any CPU
		{956F45A1-2691-4BA0-A140-5361A5301E9A}.Release|Any CPU.ActiveCfg = Release|Any CPU
		{956F45A1-2691-4BA0-A140-5361A5301E9A}.Release|Any CPU.Build.0 = Release|Any CPU
		{EC8AC6C3-CD5E-4D75-B2C7-8C20A79813C4}.Debug|Any CPU.ActiveCfg = Debug|Any CPU
		{EC8AC6C3-CD5E-4D75-B2C7-8C20A79813C4}.Debug|Any CPU.Build.0 = Debug|Any CPU
		{EC8AC6C3-CD5E-4D75-B2C7-8C20A79813C4}.Publish|Any CPU.ActiveCfg = Debug|Any CPU
		{EC8AC6C3-CD5E-4D75-B2C7-8C20A79813C4}.Publish|Any CPU.Build.0 = Debug|Any CPU
		{EC8AC6C3-CD5E-4D75-B2C7-8C20A79813C4}.Release|Any CPU.ActiveCfg = Release|Any CPU
		{EC8AC6C3-CD5E-4D75-B2C7-8C20A79813C4}.Release|Any CPU.Build.0 = Release|Any CPU
		{39AC7797-48DD-40E3-99A8-B313209D87D9}.Debug|Any CPU.ActiveCfg = Debug|Any CPU
		{39AC7797-48DD-40E3-99A8-B313209D87D9}.Debug|Any CPU.Build.0 = Debug|Any CPU
		{39AC7797-48DD-40E3-99A8-B313209D87D9}.Publish|Any CPU.ActiveCfg = Debug|Any CPU
		{39AC7797-48DD-40E3-99A8-B313209D87D9}.Publish|Any CPU.Build.0 = Debug|Any CPU
		{39AC7797-48DD-40E3-99A8-B313209D87D9}.Release|Any CPU.ActiveCfg = Release|Any CPU
		{39AC7797-48DD-40E3-99A8-B313209D87D9}.Release|Any CPU.Build.0 = Release|Any CPU
		{FCFE0ADC-2974-4561-AAF5-05D7A99A8435}.Debug|Any CPU.ActiveCfg = Debug|Any CPU
		{FCFE0ADC-2974-4561-AAF5-05D7A99A8435}.Debug|Any CPU.Build.0 = Debug|Any CPU
		{FCFE0ADC-2974-4561-AAF5-05D7A99A8435}.Publish|Any CPU.ActiveCfg = Debug|Any CPU
		{FCFE0ADC-2974-4561-AAF5-05D7A99A8435}.Publish|Any CPU.Build.0 = Debug|Any CPU
		{FCFE0ADC-2974-4561-AAF5-05D7A99A8435}.Release|Any CPU.ActiveCfg = Release|Any CPU
		{FCFE0ADC-2974-4561-AAF5-05D7A99A8435}.Release|Any CPU.Build.0 = Release|Any CPU
	EndGlobalSection
	GlobalSection(SolutionProperties) = preSolution
		HideSolutionNode = FALSE
	EndGlobalSection
	GlobalSection(ExtensibilityGlobals) = postSolution
		SolutionGuid = {54D43684-B238-41E5-8EE4-A16E619B17C9}
	EndGlobalSection
EndGlobal
