
Microsoft Visual Studio Solution File, Format Version 12.00
# Visual Studio Version 17
VisualStudioVersion = 17.9.34728.123
MinimumVisualStudioVersion = 10.0.40219.1
Project("{FAE04EC0-301F-11D3-BF4B-00C04F79EFBC}") = "QingYi.Tools.Shell", "QingYi.Tools.Shell\QingYi.Tools.Shell.csproj", "{D4EE17E1-D130-49C8-8CA7-66995136E34C}"
EndProject
Global
	GlobalSection(SolutionConfigurationPlatforms) = preSolution
		Debug|Any CPU = Debug|Any CPU
		Release|Any CPU = Release|Any CPU
	EndGlobalSection
	GlobalSection(ProjectConfigurationPlatforms) = postSolution
		{D4EE17E1-D130-49C8-8CA7-66995136E34C}.Debug|Any CPU.ActiveCfg = Debug|Any CPU
		{D4EE17E1-D130-49C8-8CA7-66995136E34C}.Debug|Any CPU.Build.0 = Debug|Any CPU
		{D4EE17E1-D130-49C8-8CA7-66995136E34C}.Release|Any CPU.ActiveCfg = Release|Any CPU
		{D4EE17E1-D130-49C8-8CA7-66995136E34C}.Release|Any CPU.Build.0 = Release|Any CPU
	EndGlobalSection
	GlobalSection(SolutionProperties) = preSolution
		HideSolutionNode = FALSE
	EndGlobalSection
	GlobalSection(ExtensibilityGlobals) = postSolution
		SolutionGuid = {33345AAE-C532-4ECB-96F8-A498F2648651}
	EndGlobalSection
EndGlobal
