
Microsoft Visual Studio Solution File, Format Version 12.00
# Visual Studio Version 17
VisualStudioVersion = 17.9.34723.18
MinimumVisualStudioVersion = 10.0.40219.1
Project("{FAE04EC0-301F-11D3-BF4B-00C04F79EFBC}") = "Download.Sync", "Sync\Download.Sync.csproj", "{3E41A39C-70E3-46D5-B6C1-4C86E601F778}"
EndProject
Global
	GlobalSection(SolutionConfigurationPlatforms) = preSolution
		Debug|Any CPU = Debug|Any CPU
		Release|Any CPU = Release|Any CPU
	EndGlobalSection
	GlobalSection(ProjectConfigurationPlatforms) = postSolution
		{3E41A39C-70E3-46D5-B6C1-4C86E601F778}.Debug|Any CPU.ActiveCfg = Debug|Any CPU
		{3E41A39C-70E3-46D5-B6C1-4C86E601F778}.Debug|Any CPU.Build.0 = Debug|Any CPU
		{3E41A39C-70E3-46D5-B6C1-4C86E601F778}.Release|Any CPU.ActiveCfg = Release|Any CPU
		{3E41A39C-70E3-46D5-B6C1-4C86E601F778}.Release|Any CPU.Build.0 = Release|Any CPU
	EndGlobalSection
	GlobalSection(SolutionProperties) = preSolution
		HideSolutionNode = FALSE
	EndGlobalSection
	GlobalSection(ExtensibilityGlobals) = postSolution
		SolutionGuid = {6BDA692C-0915-4B1B-BF56-C4063D49FE71}
	EndGlobalSection
EndGlobal
